
Microsoft Visual Studio Solution File, Format Version 12.00
# Visual Studio Version 17
VisualStudioVersion = 17.3.32922.545
MinimumVisualStudioVersion = 10.0.40219.1
Project("{9A19103F-16F7-4668-BE54-9A1E7A4F7556}") = "CodingChallenges", "CodingChallenges\CodingChallenges.csproj", "{759FE3D6-F9A9-4296-A378-432E4F9983C0}"
EndProject
Project("{9A19103F-16F7-4668-BE54-9A1E7A4F7556}") = "CodingChallengesTest", "CodingChallengesTest\CodingChallengesTest.csproj", "{C7093F2F-C3C5-4C6A-AE2D-AECC93080456}"
EndProject
Project("{2150E333-8FDC-42A3-9474-1A3956D46DE8}") = "Travelers", "Travelers", "{C97A1FE9-01A4-495A-9774-4A7C55C56E74}"
EndProject
Project("{9A19103F-16F7-4668-BE54-9A1E7A4F7556}") = "DocumentService.WebAPI", "Travelers\DocumentService.WebAPI\DocumentService.WebAPI.csproj", "{9F7AA030-FF1D-48C4-A2FA-4E466B7769D2}"
EndProject
Project("{9A19103F-16F7-4668-BE54-9A1E7A4F7556}") = "DocumentService.Tests", "Travelers\DocumentService.Tests\DocumentService.Tests.csproj", "{387CD312-A0FD-460E-9823-B71867DE3D69}"
EndProject
Project("{2150E333-8FDC-42A3-9474-1A3956D46DE8}") = "Copeland", "Copeland", "{51016463-117A-40F4-9E11-A2B5ADC7484F}"
EndProject
Project("{2150E333-8FDC-42A3-9474-1A3956D46DE8}") = "Exercise Files", "Exercise Files", "{B4D0E570-F142-4F3B-9300-E47A91E5DEF2}"
	ProjectSection(SolutionItems) = preProject
		Copeland\Excercise Files\Cargo- DeviceDataTakeHomeAssignment.pdf = Copeland\Excercise Files\Cargo- DeviceDataTakeHomeAssignment.pdf
		Copeland\Excercise Files\DeviceDataFoo1.json = Copeland\Excercise Files\DeviceDataFoo1.json
		Copeland\Excercise Files\DeviceDataFoo2.json = Copeland\Excercise Files\DeviceDataFoo2.json
		Copeland\Excercise Files\How to Use Teams.docx = Copeland\Excercise Files\How to Use Teams.docx
		Copeland\Excercise Files\Sentil Elayappan Interview Schedule .pdf = Copeland\Excercise Files\Sentil Elayappan Interview Schedule .pdf
	EndProjectSection
EndProject
Project("{9A19103F-16F7-4668-BE54-9A1E7A4F7556}") = "IoT.Data", "Copeland\Copeland.IoTData\IoT.Data.csproj", "{48A7DC2F-C072-4354-BD91-7B0065C004AE}"
EndProject
Project("{9A19103F-16F7-4668-BE54-9A1E7A4F7556}") = "IoT.Data.UnitTest", "Copeland\IoT.Data.UnitTest\IoT.Data.UnitTest.csproj", "{40464234-3D32-4916-96C1-B5101FA861D6}"
EndProject
Project("{9A19103F-16F7-4668-BE54-9A1E7A4F7556}") = "IoT.Data.IntegrationTest", "Copeland\IoT.Data.IntegrationTest\IoT.Data.IntegrationTest.csproj", "{A1B179AC-18ED-443F-9140-BA5EAB2B1760}"
EndProject
Global
	GlobalSection(SolutionConfigurationPlatforms) = preSolution
		Debug|Any CPU = Debug|Any CPU
		Release|Any CPU = Release|Any CPU
	EndGlobalSection
	GlobalSection(ProjectConfigurationPlatforms) = postSolution
		{759FE3D6-F9A9-4296-A378-432E4F9983C0}.Debug|Any CPU.ActiveCfg = Debug|Any CPU
		{759FE3D6-F9A9-4296-A378-432E4F9983C0}.Debug|Any CPU.Build.0 = Debug|Any CPU
		{759FE3D6-F9A9-4296-A378-432E4F9983C0}.Release|Any CPU.ActiveCfg = Release|Any CPU
		{759FE3D6-F9A9-4296-A378-432E4F9983C0}.Release|Any CPU.Build.0 = Release|Any CPU
		{C7093F2F-C3C5-4C6A-AE2D-AECC93080456}.Debug|Any CPU.ActiveCfg = Debug|Any CPU
		{C7093F2F-C3C5-4C6A-AE2D-AECC93080456}.Debug|Any CPU.Build.0 = Debug|Any CPU
		{C7093F2F-C3C5-4C6A-AE2D-AECC93080456}.Release|Any CPU.ActiveCfg = Release|Any CPU
		{C7093F2F-C3C5-4C6A-AE2D-AECC93080456}.Release|Any CPU.Build.0 = Release|Any CPU
		{9F7AA030-FF1D-48C4-A2FA-4E466B7769D2}.Debug|Any CPU.ActiveCfg = Debug|Any CPU
		{9F7AA030-FF1D-48C4-A2FA-4E466B7769D2}.Debug|Any CPU.Build.0 = Debug|Any CPU
		{9F7AA030-FF1D-48C4-A2FA-4E466B7769D2}.Release|Any CPU.ActiveCfg = Release|Any CPU
		{9F7AA030-FF1D-48C4-A2FA-4E466B7769D2}.Release|Any CPU.Build.0 = Release|Any CPU
		{387CD312-A0FD-460E-9823-B71867DE3D69}.Debug|Any CPU.ActiveCfg = Debug|Any CPU
		{387CD312-A0FD-460E-9823-B71867DE3D69}.Debug|Any CPU.Build.0 = Debug|Any CPU
		{387CD312-A0FD-460E-9823-B71867DE3D69}.Release|Any CPU.ActiveCfg = Release|Any CPU
		{387CD312-A0FD-460E-9823-B71867DE3D69}.Release|Any CPU.Build.0 = Release|Any CPU
		{48A7DC2F-C072-4354-BD91-7B0065C004AE}.Debug|Any CPU.ActiveCfg = Debug|Any CPU
		{48A7DC2F-C072-4354-BD91-7B0065C004AE}.Debug|Any CPU.Build.0 = Debug|Any CPU
		{48A7DC2F-C072-4354-BD91-7B0065C004AE}.Release|Any CPU.ActiveCfg = Release|Any CPU
		{48A7DC2F-C072-4354-BD91-7B0065C004AE}.Release|Any CPU.Build.0 = Release|Any CPU
		{40464234-3D32-4916-96C1-B5101FA861D6}.Debug|Any CPU.ActiveCfg = Debug|Any CPU
		{40464234-3D32-4916-96C1-B5101FA861D6}.Debug|Any CPU.Build.0 = Debug|Any CPU
		{40464234-3D32-4916-96C1-B5101FA861D6}.Release|Any CPU.ActiveCfg = Release|Any CPU
		{40464234-3D32-4916-96C1-B5101FA861D6}.Release|Any CPU.Build.0 = Release|Any CPU
		{A1B179AC-18ED-443F-9140-BA5EAB2B1760}.Debug|Any CPU.ActiveCfg = Debug|Any CPU
		{A1B179AC-18ED-443F-9140-BA5EAB2B1760}.Debug|Any CPU.Build.0 = Debug|Any CPU
		{A1B179AC-18ED-443F-9140-BA5EAB2B1760}.Release|Any CPU.ActiveCfg = Release|Any CPU
		{A1B179AC-18ED-443F-9140-BA5EAB2B1760}.Release|Any CPU.Build.0 = Release|Any CPU
	EndGlobalSection
	GlobalSection(SolutionProperties) = preSolution
		HideSolutionNode = FALSE
	EndGlobalSection
	GlobalSection(NestedProjects) = preSolution
		{9F7AA030-FF1D-48C4-A2FA-4E466B7769D2} = {C97A1FE9-01A4-495A-9774-4A7C55C56E74}
		{387CD312-A0FD-460E-9823-B71867DE3D69} = {C97A1FE9-01A4-495A-9774-4A7C55C56E74}
		{B4D0E570-F142-4F3B-9300-E47A91E5DEF2} = {51016463-117A-40F4-9E11-A2B5ADC7484F}
		{48A7DC2F-C072-4354-BD91-7B0065C004AE} = {51016463-117A-40F4-9E11-A2B5ADC7484F}
		{40464234-3D32-4916-96C1-B5101FA861D6} = {51016463-117A-40F4-9E11-A2B5ADC7484F}
		{A1B179AC-18ED-443F-9140-BA5EAB2B1760} = {51016463-117A-40F4-9E11-A2B5ADC7484F}
	EndGlobalSection
	GlobalSection(ExtensibilityGlobals) = postSolution
		SolutionGuid = {DB2702DA-091C-4711-B8B4-FB42CD772894}
	EndGlobalSection
EndGlobal
