
Microsoft Visual Studio Solution File, Format Version 12.00
# Visual Studio Version 17
VisualStudioVersion = 17.3.32922.545
MinimumVisualStudioVersion = 10.0.40219.1
Project("{FAE04EC0-301F-11D3-BF4B-00C04F79EFBC}") = "CodingChallengesWebDotNet6", "CodingChallengesWebDotNet6.csproj", "{4DB575D7-36D9-425C-BE74-DA8222C9B5B0}"
EndProject
Project("{FAE04EC0-301F-11D3-BF4B-00C04F79EFBC}") = "CodingChallenges", "CodingChallenges\CodingChallenges.csproj", "{759FE3D6-F9A9-4296-A378-432E4F9983C0}"
EndProject
Project("{FAE04EC0-301F-11D3-BF4B-00C04F79EFBC}") = "CodingChallengesTest", "CodingChallengesTest\CodingChallengesTest.csproj", "{C7093F2F-C3C5-4C6A-AE2D-AECC93080456}"
EndProject
Global
	GlobalSection(SolutionConfigurationPlatforms) = preSolution
		Debug|Any CPU = Debug|Any CPU
		Release|Any CPU = Release|Any CPU
	EndGlobalSection
	GlobalSection(ProjectConfigurationPlatforms) = postSolution
		{4DB575D7-36D9-425C-BE74-DA8222C9B5B0}.Debug|Any CPU.ActiveCfg = Debug|Any CPU
		{4DB575D7-36D9-425C-BE74-DA8222C9B5B0}.Debug|Any CPU.Build.0 = Debug|Any CPU
		{4DB575D7-36D9-425C-BE74-DA8222C9B5B0}.Release|Any CPU.ActiveCfg = Release|Any CPU
		{4DB575D7-36D9-425C-BE74-DA8222C9B5B0}.Release|Any CPU.Build.0 = Release|Any CPU
		{759FE3D6-F9A9-4296-A378-432E4F9983C0}.Debug|Any CPU.ActiveCfg = Debug|Any CPU
		{759FE3D6-F9A9-4296-A378-432E4F9983C0}.Debug|Any CPU.Build.0 = Debug|Any CPU
		{759FE3D6-F9A9-4296-A378-432E4F9983C0}.Release|Any CPU.ActiveCfg = Release|Any CPU
		{759FE3D6-F9A9-4296-A378-432E4F9983C0}.Release|Any CPU.Build.0 = Release|Any CPU
		{C7093F2F-C3C5-4C6A-AE2D-AECC93080456}.Debug|Any CPU.ActiveCfg = Debug|Any CPU
		{C7093F2F-C3C5-4C6A-AE2D-AECC93080456}.Debug|Any CPU.Build.0 = Debug|Any CPU
		{C7093F2F-C3C5-4C6A-AE2D-AECC93080456}.Release|Any CPU.ActiveCfg = Release|Any CPU
		{C7093F2F-C3C5-4C6A-AE2D-AECC93080456}.Release|Any CPU.Build.0 = Release|Any CPU
	EndGlobalSection
	GlobalSection(SolutionProperties) = preSolution
		HideSolutionNode = FALSE
	EndGlobalSection
	GlobalSection(ExtensibilityGlobals) = postSolution
		SolutionGuid = {DB2702DA-091C-4711-B8B4-FB42CD772894}
	EndGlobalSection
EndGlobal
